// !$*UTF8*$!
{
	archiveVersion = 1;
	classes = {
	};
	objectVersion = 46;
	objects = {

/* Begin PBXBuildFile section */
		31F5F596D4174DF6E1F3BF66 /* Pods_ParallaxPagingViewControllerExampleUITests.framework in Frameworks */ = {isa = PBXBuildFile; fileRef = 66D30AA26F892273FF17F710 /* Pods_ParallaxPagingViewControllerExampleUITests.framework */; };
		55247FA51F0E45C0007C2D33 /* AppDelegate.swift in Sources */ = {isa = PBXBuildFile; fileRef = 55247FA41F0E45C0007C2D33 /* AppDelegate.swift */; };
		55247FA71F0E45C0007C2D33 /* ViewController.swift in Sources */ = {isa = PBXBuildFile; fileRef = 55247FA61F0E45C0007C2D33 /* ViewController.swift */; };
		55247FAA1F0E45C0007C2D33 /* Main.storyboard in Resources */ = {isa = PBXBuildFile; fileRef = 55247FA81F0E45C0007C2D33 /* Main.storyboard */; };
		55247FAC1F0E45C0007C2D33 /* Assets.xcassets in Resources */ = {isa = PBXBuildFile; fileRef = 55247FAB1F0E45C0007C2D33 /* Assets.xcassets */; };
		55247FAF1F0E45C0007C2D33 /* LaunchScreen.storyboard in Resources */ = {isa = PBXBuildFile; fileRef = 55247FAD1F0E45C0007C2D33 /* LaunchScreen.storyboard */; };
		55247FBA1F0E45C0007C2D33 /* ParallaxPagingViewControllerExampleUITests.swift in Sources */ = {isa = PBXBuildFile; fileRef = 55247FB91F0E45C0007C2D33 /* ParallaxPagingViewControllerExampleUITests.swift */; };
		8BB21864C322A54C9E37E949 /* Pods_ParallaxPagingViewControllerExample.framework in Frameworks */ = {isa = PBXBuildFile; fileRef = E7C513DC29E2F2FFE387A1A4 /* Pods_ParallaxPagingViewControllerExample.framework */; };
/* End PBXBuildFile section */

/* Begin PBXContainerItemProxy section */
		55247FB61F0E45C0007C2D33 /* PBXContainerItemProxy */ = {
			isa = PBXContainerItemProxy;
			containerPortal = 55247F991F0E45C0007C2D33 /* Project object */;
			proxyType = 1;
			remoteGlobalIDString = 55247FA01F0E45C0007C2D33;
			remoteInfo = ParallaxPagingViewControllerExample;
		};
/* End PBXContainerItemProxy section */

/* Begin PBXFileReference section */
		1DF4899D30D9C6E4B6EC1B4A /* Pods-ParallaxPagingViewControllerExampleUITests.debug.xcconfig */ = {isa = PBXFileReference; includeInIndex = 1; lastKnownFileType = text.xcconfig; name = "Pods-ParallaxPagingViewControllerExampleUITests.debug.xcconfig"; path = "Pods/Target Support Files/Pods-ParallaxPagingViewControllerExampleUITests/Pods-ParallaxPagingViewControllerExampleUITests.debug.xcconfig"; sourceTree = "<group>"; };
		55247FA11F0E45C0007C2D33 /* ParallaxPagingViewControllerExample.app */ = {isa = PBXFileReference; explicitFileType = wrapper.application; includeInIndex = 0; path = ParallaxPagingViewControllerExample.app; sourceTree = BUILT_PRODUCTS_DIR; };
		55247FA41F0E45C0007C2D33 /* AppDelegate.swift */ = {isa = PBXFileReference; lastKnownFileType = sourcecode.swift; path = AppDelegate.swift; sourceTree = "<group>"; };
		55247FA61F0E45C0007C2D33 /* ViewController.swift */ = {isa = PBXFileReference; lastKnownFileType = sourcecode.swift; path = ViewController.swift; sourceTree = "<group>"; };
		55247FA91F0E45C0007C2D33 /* Base */ = {isa = PBXFileReference; lastKnownFileType = file.storyboard; name = Base; path = Base.lproj/Main.storyboard; sourceTree = "<group>"; };
		55247FAB1F0E45C0007C2D33 /* Assets.xcassets */ = {isa = PBXFileReference; lastKnownFileType = folder.assetcatalog; path = Assets.xcassets; sourceTree = "<group>"; };
		55247FAE1F0E45C0007C2D33 /* Base */ = {isa = PBXFileReference; lastKnownFileType = file.storyboard; name = Base; path = Base.lproj/LaunchScreen.storyboard; sourceTree = "<group>"; };
		55247FB01F0E45C0007C2D33 /* Info.plist */ = {isa = PBXFileReference; lastKnownFileType = text.plist.xml; path = Info.plist; sourceTree = "<group>"; };
		55247FB51F0E45C0007C2D33 /* ParallaxPagingViewControllerExampleUITests.xctest */ = {isa = PBXFileReference; explicitFileType = wrapper.cfbundle; includeInIndex = 0; path = ParallaxPagingViewControllerExampleUITests.xctest; sourceTree = BUILT_PRODUCTS_DIR; };
		55247FB91F0E45C0007C2D33 /* ParallaxPagingViewControllerExampleUITests.swift */ = {isa = PBXFileReference; lastKnownFileType = sourcecode.swift; path = ParallaxPagingViewControllerExampleUITests.swift; sourceTree = "<group>"; };
		55247FBB1F0E45C0007C2D33 /* Info.plist */ = {isa = PBXFileReference; lastKnownFileType = text.plist.xml; path = Info.plist; sourceTree = "<group>"; };
		5B280E01E8F5FDD657A4F37C /* Pods-ParallaxPagingViewControllerExample.release.xcconfig */ = {isa = PBXFileReference; includeInIndex = 1; lastKnownFileType = text.xcconfig; name = "Pods-ParallaxPagingViewControllerExample.release.xcconfig"; path = "Pods/Target Support Files/Pods-ParallaxPagingViewControllerExample/Pods-ParallaxPagingViewControllerExample.release.xcconfig"; sourceTree = "<group>"; };
		66D30AA26F892273FF17F710 /* Pods_ParallaxPagingViewControllerExampleUITests.framework */ = {isa = PBXFileReference; explicitFileType = wrapper.framework; includeInIndex = 0; path = Pods_ParallaxPagingViewControllerExampleUITests.framework; sourceTree = BUILT_PRODUCTS_DIR; };
		BA080EF0B3DBA8BDF8402B8C /* Pods-ParallaxPagingViewControllerExampleUITests.release.xcconfig */ = {isa = PBXFileReference; includeInIndex = 1; lastKnownFileType = text.xcconfig; name = "Pods-ParallaxPagingViewControllerExampleUITests.release.xcconfig"; path = "Pods/Target Support Files/Pods-ParallaxPagingViewControllerExampleUITests/Pods-ParallaxPagingViewControllerExampleUITests.release.xcconfig"; sourceTree = "<group>"; };
		C6C2F33E3886BC945449B311 /* Pods-ParallaxPagingViewControllerExample.debug.xcconfig */ = {isa = PBXFileReference; includeInIndex = 1; lastKnownFileType = text.xcconfig; name = "Pods-ParallaxPagingViewControllerExample.debug.xcconfig"; path = "Pods/Target Support Files/Pods-ParallaxPagingViewControllerExample/Pods-ParallaxPagingViewControllerExample.debug.xcconfig"; sourceTree = "<group>"; };
		E7C513DC29E2F2FFE387A1A4 /* Pods_ParallaxPagingViewControllerExample.framework */ = {isa = PBXFileReference; explicitFileType = wrapper.framework; includeInIndex = 0; path = Pods_ParallaxPagingViewControllerExample.framework; sourceTree = BUILT_PRODUCTS_DIR; };
/* End PBXFileReference section */

/* Begin PBXFrameworksBuildPhase section */
		55247F9E1F0E45C0007C2D33 /* Frameworks */ = {
			isa = PBXFrameworksBuildPhase;
			buildActionMask = 2147483647;
			files = (
				8BB21864C322A54C9E37E949 /* Pods_ParallaxPagingViewControllerExample.framework in Frameworks */,
			);
			runOnlyForDeploymentPostprocessing = 0;
		};
		55247FB21F0E45C0007C2D33 /* Frameworks */ = {
			isa = PBXFrameworksBuildPhase;
			buildActionMask = 2147483647;
			files = (
				31F5F596D4174DF6E1F3BF66 /* Pods_ParallaxPagingViewControllerExampleUITests.framework in Frameworks */,
			);
			runOnlyForDeploymentPostprocessing = 0;
		};
/* End PBXFrameworksBuildPhase section */

/* Begin PBXGroup section */
		25B0E8F0C7DE00EC804B0E1A /* Frameworks */ = {
			isa = PBXGroup;
			children = (
				E7C513DC29E2F2FFE387A1A4 /* Pods_ParallaxPagingViewControllerExample.framework */,
				66D30AA26F892273FF17F710 /* Pods_ParallaxPagingViewControllerExampleUITests.framework */,
			);
			name = Frameworks;
			sourceTree = "<group>";
		};
		55247F981F0E45C0007C2D33 = {
			isa = PBXGroup;
			children = (
				55247FA31F0E45C0007C2D33 /* ParallaxPagingViewControllerExample */,
				55247FB81F0E45C0007C2D33 /* ParallaxPagingViewControllerExampleUITests */,
				55247FA21F0E45C0007C2D33 /* Products */,
				B35BE4F9E15722987A6596F8 /* Pods */,
				25B0E8F0C7DE00EC804B0E1A /* Frameworks */,
			);
			sourceTree = "<group>";
		};
		55247FA21F0E45C0007C2D33 /* Products */ = {
			isa = PBXGroup;
			children = (
				55247FA11F0E45C0007C2D33 /* ParallaxPagingViewControllerExample.app */,
				55247FB51F0E45C0007C2D33 /* ParallaxPagingViewControllerExampleUITests.xctest */,
			);
			name = Products;
			sourceTree = "<group>";
		};
		55247FA31F0E45C0007C2D33 /* ParallaxPagingViewControllerExample */ = {
			isa = PBXGroup;
			children = (
				55247FA41F0E45C0007C2D33 /* AppDelegate.swift */,
				55247FA61F0E45C0007C2D33 /* ViewController.swift */,
				55247FA81F0E45C0007C2D33 /* Main.storyboard */,
				55247FAB1F0E45C0007C2D33 /* Assets.xcassets */,
				55247FAD1F0E45C0007C2D33 /* LaunchScreen.storyboard */,
				55247FB01F0E45C0007C2D33 /* Info.plist */,
			);
			path = ParallaxPagingViewControllerExample;
			sourceTree = "<group>";
		};
		55247FB81F0E45C0007C2D33 /* ParallaxPagingViewControllerExampleUITests */ = {
			isa = PBXGroup;
			children = (
				55247FB91F0E45C0007C2D33 /* ParallaxPagingViewControllerExampleUITests.swift */,
				55247FBB1F0E45C0007C2D33 /* Info.plist */,
			);
			path = ParallaxPagingViewControllerExampleUITests;
			sourceTree = "<group>";
		};
		B35BE4F9E15722987A6596F8 /* Pods */ = {
			isa = PBXGroup;
			children = (
				C6C2F33E3886BC945449B311 /* Pods-ParallaxPagingViewControllerExample.debug.xcconfig */,
				5B280E01E8F5FDD657A4F37C /* Pods-ParallaxPagingViewControllerExample.release.xcconfig */,
				1DF4899D30D9C6E4B6EC1B4A /* Pods-ParallaxPagingViewControllerExampleUITests.debug.xcconfig */,
				BA080EF0B3DBA8BDF8402B8C /* Pods-ParallaxPagingViewControllerExampleUITests.release.xcconfig */,
			);
			name = Pods;
			sourceTree = "<group>";
		};
/* End PBXGroup section */

/* Begin PBXNativeTarget section */
		55247FA01F0E45C0007C2D33 /* ParallaxPagingViewControllerExample */ = {
			isa = PBXNativeTarget;
			buildConfigurationList = 55247FBE1F0E45C0007C2D33 /* Build configuration list for PBXNativeTarget "ParallaxPagingViewControllerExample" */;
			buildPhases = (
				97043269EB8744E0C3867B57 /* [CP] Check Pods Manifest.lock */,
				55247F9D1F0E45C0007C2D33 /* Sources */,
				55247F9E1F0E45C0007C2D33 /* Frameworks */,
				55247F9F1F0E45C0007C2D33 /* Resources */,
				0F8E1E2D076F635E6B172363 /* [CP] Embed Pods Frameworks */,
				0ACF9803D1E25102A88AB136 /* [CP] Copy Pods Resources */,
			);
			buildRules = (
			);
			dependencies = (
			);
			name = ParallaxPagingViewControllerExample;
			productName = ParallaxPagingViewControllerExample;
			productReference = 55247FA11F0E45C0007C2D33 /* ParallaxPagingViewControllerExample.app */;
			productType = "com.apple.product-type.application";
		};
		55247FB41F0E45C0007C2D33 /* ParallaxPagingViewControllerExampleUITests */ = {
			isa = PBXNativeTarget;
			buildConfigurationList = 55247FC11F0E45C0007C2D33 /* Build configuration list for PBXNativeTarget "ParallaxPagingViewControllerExampleUITests" */;
			buildPhases = (
				7B7F3DA6472E27BCCCCA3BDD /* [CP] Check Pods Manifest.lock */,
				55247FB11F0E45C0007C2D33 /* Sources */,
				55247FB21F0E45C0007C2D33 /* Frameworks */,
				55247FB31F0E45C0007C2D33 /* Resources */,
				B45FC58A8BDA6AE1269327B7 /* [CP] Embed Pods Frameworks */,
				00A4A9A2EA5B8EE4B3611D5D /* [CP] Copy Pods Resources */,
			);
			buildRules = (
			);
			dependencies = (
				55247FB71F0E45C0007C2D33 /* PBXTargetDependency */,
			);
			name = ParallaxPagingViewControllerExampleUITests;
			productName = ParallaxPagingViewControllerExampleUITests;
			productReference = 55247FB51F0E45C0007C2D33 /* ParallaxPagingViewControllerExampleUITests.xctest */;
			productType = "com.apple.product-type.bundle.ui-testing";
		};
/* End PBXNativeTarget section */

/* Begin PBXProject section */
		55247F991F0E45C0007C2D33 /* Project object */ = {
			isa = PBXProject;
			attributes = {
				LastSwiftUpdateCheck = 0820;
				LastUpgradeCheck = 0820;
				ORGANIZATIONNAME = TomokiTakahashi;
				TargetAttributes = {
					55247FA01F0E45C0007C2D33 = {
						CreatedOnToolsVersion = 8.2.1;
						DevelopmentTeam = KYVZ4HHZ5P;
						ProvisioningStyle = Automatic;
					};
					55247FB41F0E45C0007C2D33 = {
						CreatedOnToolsVersion = 8.2.1;
						ProvisioningStyle = Automatic;
						TestTargetID = 55247FA01F0E45C0007C2D33;
					};
				};
			};
			buildConfigurationList = 55247F9C1F0E45C0007C2D33 /* Build configuration list for PBXProject "ParallaxPagingViewControllerExample" */;
			compatibilityVersion = "Xcode 3.2";
			developmentRegion = English;
			hasScannedForEncodings = 0;
			knownRegions = (
				en,
				Base,
			);
			mainGroup = 55247F981F0E45C0007C2D33;
			productRefGroup = 55247FA21F0E45C0007C2D33 /* Products */;
			projectDirPath = "";
			projectRoot = "";
			targets = (
				55247FA01F0E45C0007C2D33 /* ParallaxPagingViewControllerExample */,
				55247FB41F0E45C0007C2D33 /* ParallaxPagingViewControllerExampleUITests */,
			);
		};
/* End PBXProject section */

/* Begin PBXResourcesBuildPhase section */
		55247F9F1F0E45C0007C2D33 /* Resources */ = {
			isa = PBXResourcesBuildPhase;
			buildActionMask = 2147483647;
			files = (
				55247FAF1F0E45C0007C2D33 /* LaunchScreen.storyboard in Resources */,
				55247FAC1F0E45C0007C2D33 /* Assets.xcassets in Resources */,
				55247FAA1F0E45C0007C2D33 /* Main.storyboard in Resources */,
			);
			runOnlyForDeploymentPostprocessing = 0;
		};
		55247FB31F0E45C0007C2D33 /* Resources */ = {
			isa = PBXResourcesBuildPhase;
			buildActionMask = 2147483647;
			files = (
			);
			runOnlyForDeploymentPostprocessing = 0;
		};
/* End PBXResourcesBuildPhase section */

/* Begin PBXShellScriptBuildPhase section */
		00A4A9A2EA5B8EE4B3611D5D /* [CP] Copy Pods Resources */ = {
			isa = PBXShellScriptBuildPhase;
			buildActionMask = 2147483647;
			files = (
			);
			inputPaths = (
			);
			name = "[CP] Copy Pods Resources";
			outputPaths = (
			);
			runOnlyForDeploymentPostprocessing = 0;
			shellPath = /bin/sh;
			shellScript = "\"${SRCROOT}/Pods/Target Support Files/Pods-ParallaxPagingViewControllerExampleUITests/Pods-ParallaxPagingViewControllerExampleUITests-resources.sh\"\n";
			showEnvVarsInLog = 0;
		};
		0ACF9803D1E25102A88AB136 /* [CP] Copy Pods Resources */ = {
			isa = PBXShellScriptBuildPhase;
			buildActionMask = 2147483647;
			files = (
			);
			inputPaths = (
			);
			name = "[CP] Copy Pods Resources";
			outputPaths = (
			);
			runOnlyForDeploymentPostprocessing = 0;
			shellPath = /bin/sh;
			shellScript = "\"${SRCROOT}/Pods/Target Support Files/Pods-ParallaxPagingViewControllerExample/Pods-ParallaxPagingViewControllerExample-resources.sh\"\n";
			showEnvVarsInLog = 0;
		};
		0F8E1E2D076F635E6B172363 /* [CP] Embed Pods Frameworks */ = {
			isa = PBXShellScriptBuildPhase;
			buildActionMask = 2147483647;
			files = (
			);
			inputPaths = (
			);
			name = "[CP] Embed Pods Frameworks";
			outputPaths = (
			);
			runOnlyForDeploymentPostprocessing = 0;
			shellPath = /bin/sh;
			shellScript = "\"${SRCROOT}/Pods/Target Support Files/Pods-ParallaxPagingViewControllerExample/Pods-ParallaxPagingViewControllerExample-frameworks.sh\"\n";
			showEnvVarsInLog = 0;
		};
		7B7F3DA6472E27BCCCCA3BDD /* [CP] Check Pods Manifest.lock */ = {
			isa = PBXShellScriptBuildPhase;
			buildActionMask = 2147483647;
			files = (
			);
			inputPaths = (
			);
			name = "[CP] Check Pods Manifest.lock";
			outputPaths = (
			);
			runOnlyForDeploymentPostprocessing = 0;
			shellPath = /bin/sh;
			shellScript = "diff \"${PODS_PODFILE_DIR_PATH}/Podfile.lock\" \"${PODS_ROOT}/Manifest.lock\" > /dev/null\nif [ $? != 0 ] ; then\n    # print error to STDERR\n    echo \"error: The sandbox is not in sync with the Podfile.lock. Run 'pod install' or update your CocoaPods installation.\" >&2\n    exit 1\nfi\n";
			showEnvVarsInLog = 0;
		};
		97043269EB8744E0C3867B57 /* [CP] Check Pods Manifest.lock */ = {
			isa = PBXShellScriptBuildPhase;
			buildActionMask = 2147483647;
			files = (
			);
			inputPaths = (
			);
			name = "[CP] Check Pods Manifest.lock";
			outputPaths = (
			);
			runOnlyForDeploymentPostprocessing = 0;
			shellPath = /bin/sh;
			shellScript = "diff \"${PODS_PODFILE_DIR_PATH}/Podfile.lock\" \"${PODS_ROOT}/Manifest.lock\" > /dev/null\nif [ $? != 0 ] ; then\n    # print error to STDERR\n    echo \"error: The sandbox is not in sync with the Podfile.lock. Run 'pod install' or update your CocoaPods installation.\" >&2\n    exit 1\nfi\n";
			showEnvVarsInLog = 0;
		};
		B45FC58A8BDA6AE1269327B7 /* [CP] Embed Pods Frameworks */ = {
			isa = PBXShellScriptBuildPhase;
			buildActionMask = 2147483647;
			files = (
			);
			inputPaths = (
			);
			name = "[CP] Embed Pods Frameworks";
			outputPaths = (
			);
			runOnlyForDeploymentPostprocessing = 0;
			shellPath = /bin/sh;
			shellScript = "\"${SRCROOT}/Pods/Target Support Files/Pods-ParallaxPagingViewControllerExampleUITests/Pods-ParallaxPagingViewControllerExampleUITests-frameworks.sh\"\n";
			showEnvVarsInLog = 0;
		};
/* End PBXShellScriptBuildPhase section */

/* Begin PBXSourcesBuildPhase section */
		55247F9D1F0E45C0007C2D33 /* Sources */ = {
			isa = PBXSourcesBuildPhase;
			buildActionMask = 2147483647;
			files = (
				55247FA71F0E45C0007C2D33 /* ViewController.swift in Sources */,
				55247FA51F0E45C0007C2D33 /* AppDelegate.swift in Sources */,
			);
			runOnlyForDeploymentPostprocessing = 0;
		};
		55247FB11F0E45C0007C2D33 /* Sources */ = {
			isa = PBXSourcesBuildPhase;
			buildActionMask = 2147483647;
			files = (
				55247FBA1F0E45C0007C2D33 /* ParallaxPagingViewControllerExampleUITests.swift in Sources */,
			);
			runOnlyForDeploymentPostprocessing = 0;
		};
/* End PBXSourcesBuildPhase section */

/* Begin PBXTargetDependency section */
		55247FB71F0E45C0007C2D33 /* PBXTargetDependency */ = {
			isa = PBXTargetDependency;
			target = 55247FA01F0E45C0007C2D33 /* ParallaxPagingViewControllerExample */;
			targetProxy = 55247FB61F0E45C0007C2D33 /* PBXContainerItemProxy */;
		};
/* End PBXTargetDependency section */

/* Begin PBXVariantGroup section */
		55247FA81F0E45C0007C2D33 /* Main.storyboard */ = {
			isa = PBXVariantGroup;
			children = (
				55247FA91F0E45C0007C2D33 /* Base */,
			);
			name = Main.storyboard;
			sourceTree = "<group>";
		};
		55247FAD1F0E45C0007C2D33 /* LaunchScreen.storyboard */ = {
			isa = PBXVariantGroup;
			children = (
				55247FAE1F0E45C0007C2D33 /* Base */,
			);
			name = LaunchScreen.storyboard;
			sourceTree = "<group>";
		};
/* End PBXVariantGroup section */

/* Begin XCBuildConfiguration section */
		55247FBC1F0E45C0007C2D33 /* Debug */ = {
			isa = XCBuildConfiguration;
			buildSettings = {
				ALWAYS_SEARCH_USER_PATHS = NO;
				CLANG_ANALYZER_NONNULL = YES;
				CLANG_CXX_LANGUAGE_STANDARD = "gnu++0x";
				CLANG_CXX_LIBRARY = "libc++";
				CLANG_ENABLE_MODULES = YES;
				CLANG_ENABLE_OBJC_ARC = YES;
				CLANG_WARN_BOOL_CONVERSION = YES;
				CLANG_WARN_CONSTANT_CONVERSION = YES;
				CLANG_WARN_DIRECT_OBJC_ISA_USAGE = YES_ERROR;
				CLANG_WARN_DOCUMENTATION_COMMENTS = YES;
				CLANG_WARN_EMPTY_BODY = YES;
				CLANG_WARN_ENUM_CONVERSION = YES;
				CLANG_WARN_INFINITE_RECURSION = YES;
				CLANG_WARN_INT_CONVERSION = YES;
				CLANG_WARN_OBJC_ROOT_CLASS = YES_ERROR;
				CLANG_WARN_SUSPICIOUS_MOVE = YES;
				CLANG_WARN_UNREACHABLE_CODE = YES;
				CLANG_WARN__DUPLICATE_METHOD_MATCH = YES;
				"CODE_SIGN_IDENTITY[sdk=iphoneos*]" = "iPhone Developer";
				COPY_PHASE_STRIP = NO;
				DEBUG_INFORMATION_FORMAT = dwarf;
				ENABLE_STRICT_OBJC_MSGSEND = YES;
				ENABLE_TESTABILITY = YES;
				GCC_C_LANGUAGE_STANDARD = gnu99;
				GCC_DYNAMIC_NO_PIC = NO;
				GCC_NO_COMMON_BLOCKS = YES;
				GCC_OPTIMIZATION_LEVEL = 0;
				GCC_PREPROCESSOR_DEFINITIONS = (
					"DEBUG=1",
					"$(inherited)",
				);
				GCC_WARN_64_TO_32_BIT_CONVERSION = YES;
				GCC_WARN_ABOUT_RETURN_TYPE = YES_ERROR;
				GCC_WARN_UNDECLARED_SELECTOR = YES;
				GCC_WARN_UNINITIALIZED_AUTOS = YES_AGGRESSIVE;
				GCC_WARN_UNUSED_FUNCTION = YES;
				GCC_WARN_UNUSED_VARIABLE = YES;
				IPHONEOS_DEPLOYMENT_TARGET = 10.2;
				MTL_ENABLE_DEBUG_INFO = YES;
				ONLY_ACTIVE_ARCH = YES;
				SDKROOT = iphoneos;
				SWIFT_ACTIVE_COMPILATION_CONDITIONS = DEBUG;
				SWIFT_OPTIMIZATION_LEVEL = "-Onone";
			};
			name = Debug;
		};
		55247FBD1F0E45C0007C2D33 /* Release */ = {
			isa = XCBuildConfiguration;
			buildSettings = {
				ALWAYS_SEARCH_USER_PATHS = NO;
				CLANG_ANALYZER_NONNULL = YES;
				CLANG_CXX_LANGUAGE_STANDARD = "gnu++0x";
				CLANG_CXX_LIBRARY = "libc++";
				CLANG_ENABLE_MODULES = YES;
				CLANG_ENABLE_OBJC_ARC = YES;
				CLANG_WARN_BOOL_CONVERSION = YES;
				CLANG_WARN_CONSTANT_CONVERSION = YES;
				CLANG_WARN_DIRECT_OBJC_ISA_USAGE = YES_ERROR;
				CLANG_WARN_DOCUMENTATION_COMMENTS = YES;
				CLANG_WARN_EMPTY_BODY = YES;
				CLANG_WARN_ENUM_CONVERSION = YES;
				CLANG_WARN_INFINITE_RECURSION = YES;
				CLANG_WARN_INT_CONVERSION = YES;
				CLANG_WARN_OBJC_ROOT_CLASS = YES_ERROR;
				CLANG_WARN_SUSPICIOUS_MOVE = YES;
				CLANG_WARN_UNREACHABLE_CODE = YES;
				CLANG_WARN__DUPLICATE_METHOD_MATCH = YES;
				"CODE_SIGN_IDENTITY[sdk=iphoneos*]" = "iPhone Developer";
				COPY_PHASE_STRIP = NO;
				DEBUG_INFORMATION_FORMAT = "dwarf-with-dsym";
				ENABLE_NS_ASSERTIONS = NO;
				ENABLE_STRICT_OBJC_MSGSEND = YES;
				GCC_C_LANGUAGE_STANDARD = gnu99;
				GCC_NO_COMMON_BLOCKS = YES;
				GCC_WARN_64_TO_32_BIT_CONVERSION = YES;
				GCC_WARN_ABOUT_RETURN_TYPE = YES_ERROR;
				GCC_WARN_UNDECLARED_SELECTOR = YES;
				GCC_WARN_UNINITIALIZED_AUTOS = YES_AGGRESSIVE;
				GCC_WARN_UNUSED_FUNCTION = YES;
				GCC_WARN_UNUSED_VARIABLE = YES;
				IPHONEOS_DEPLOYMENT_TARGET = 10.2;
				MTL_ENABLE_DEBUG_INFO = NO;
				SDKROOT = iphoneos;
				SWIFT_OPTIMIZATION_LEVEL = "-Owholemodule";
				VALIDATE_PRODUCT = YES;
			};
			name = Release;
		};
		55247FBF1F0E45C0007C2D33 /* Debug */ = {
			isa = XCBuildConfiguration;
			baseConfigurationReference = C6C2F33E3886BC945449B311 /* Pods-ParallaxPagingViewControllerExample.debug.xcconfig */;
			buildSettings = {
				ASSETCATALOG_COMPILER_APPICON_NAME = AppIcon;
				DEVELOPMENT_TEAM = KYVZ4HHZ5P;
				INFOPLIST_FILE = ParallaxPagingViewControllerExample/Info.plist;
				LD_RUNPATH_SEARCH_PATHS = "$(inherited) @executable_path/Frameworks";
				PRODUCT_BUNDLE_IDENTIFIER = com.tomo.ParallaxPagingViewControllerExample;
				PRODUCT_NAME = "$(TARGET_NAME)";
				SWIFT_VERSION = 3.0;
			};
			name = Debug;
		};
		55247FC01F0E45C0007C2D33 /* Release */ = {
			isa = XCBuildConfiguration;
			baseConfigurationReference = 5B280E01E8F5FDD657A4F37C /* Pods-ParallaxPagingViewControllerExample.release.xcconfig */;
			buildSettings = {
				ASSETCATALOG_COMPILER_APPICON_NAME = AppIcon;
				DEVELOPMENT_TEAM = KYVZ4HHZ5P;
				INFOPLIST_FILE = ParallaxPagingViewControllerExample/Info.plist;
				LD_RUNPATH_SEARCH_PATHS = "$(inherited) @executable_path/Frameworks";
				PRODUCT_BUNDLE_IDENTIFIER = com.tomo.ParallaxPagingViewControllerExample;
				PRODUCT_NAME = "$(TARGET_NAME)";
				SWIFT_VERSION = 3.0;
			};
			name = Release;
		};
		55247FC21F0E45C0007C2D33 /* Debug */ = {
			isa = XCBuildConfiguration;
			baseConfigurationReference = 1DF4899D30D9C6E4B6EC1B4A /* Pods-ParallaxPagingViewControllerExampleUITests.debug.xcconfig */;
			buildSettings = {
				ALWAYS_EMBED_SWIFT_STANDARD_LIBRARIES = YES;
				INFOPLIST_FILE = ParallaxPagingViewControllerExampleUITests/Info.plist;
				LD_RUNPATH_SEARCH_PATHS = "$(inherited) @executable_path/Frameworks @loader_path/Frameworks";
				PRODUCT_BUNDLE_IDENTIFIER = com.tomo.ParallaxPagingViewControllerExampleUITests;
				PRODUCT_NAME = "$(TARGET_NAME)";
				SWIFT_VERSION = 3.0;
				TEST_TARGET_NAME = ParallaxPagingViewControllerExample;
			};
			name = Debug;
		};
		55247FC31F0E45C0007C2D33 /* Release */ = {
			isa = XCBuildConfiguration;
			baseConfigurationReference = BA080EF0B3DBA8BDF8402B8C /* Pods-ParallaxPagingViewControllerExampleUITests.release.xcconfig */;
			buildSettings = {
				ALWAYS_EMBED_SWIFT_STANDARD_LIBRARIES = YES;
				INFOPLIST_FILE = ParallaxPagingViewControllerExampleUITests/Info.plist;
				LD_RUNPATH_SEARCH_PATHS = "$(inherited) @executable_path/Frameworks @loader_path/Frameworks";
				PRODUCT_BUNDLE_IDENTIFIER = com.tomo.ParallaxPagingViewControllerExampleUITests;
				PRODUCT_NAME = "$(TARGET_NAME)";
				SWIFT_VERSION = 3.0;
				TEST_TARGET_NAME = ParallaxPagingViewControllerExample;
			};
			name = Release;
		};
/* End XCBuildConfiguration section */

/* Begin XCConfigurationList section */
		55247F9C1F0E45C0007C2D33 /* Build configuration list for PBXProject "ParallaxPagingViewControllerExample" */ = {
			isa = XCConfigurationList;
			buildConfigurations = (
				55247FBC1F0E45C0007C2D33 /* Debug */,
				55247FBD1F0E45C0007C2D33 /* Release */,
			);
			defaultConfigurationIsVisible = 0;
			defaultConfigurationName = Release;
		};
		55247FBE1F0E45C0007C2D33 /* Build configuration list for PBXNativeTarget "ParallaxPagingViewControllerExample" */ = {
			isa = XCConfigurationList;
			buildConfigurations = (
				55247FBF1F0E45C0007C2D33 /* Debug */,
				55247FC01F0E45C0007C2D33 /* Release */,
			);
			defaultConfigurationIsVisible = 0;
		};
		55247FC11F0E45C0007C2D33 /* Build configuration list for PBXNativeTarget "ParallaxPagingViewControllerExampleUITests" */ = {
			isa = XCConfigurationList;
			buildConfigurations = (
				55247FC21F0E45C0007C2D33 /* Debug */,
				55247FC31F0E45C0007C2D33 /* Release */,
			);
			defaultConfigurationIsVisible = 0;
		};
/* End XCConfigurationList section */
	};
	rootObject = 55247F991F0E45C0007C2D33 /* Project object */;
}
