// !$*UTF8*$!
{
	archiveVersion = 1;
	classes = {
	};
	objectVersion = 46;
	objects = {

/* Begin PBXBuildFile section */
		1DD511AFD5EB648537509A79 /* Pods_ParallaxPagingViewControllerExample.framework in Frameworks */ = {isa = PBXBuildFile; fileRef = 722DEE2E491454946E4885B2 /* Pods_ParallaxPagingViewControllerExample.framework */; };
		55247FD21F0E74EC007C2D33 /* AppDelegate.swift in Sources */ = {isa = PBXBuildFile; fileRef = 55247FD11F0E74EC007C2D33 /* AppDelegate.swift */; };
		55247FD41F0E74EC007C2D33 /* ParallaxPagingParentViewController.swift in Sources */ = {isa = PBXBuildFile; fileRef = 55247FD31F0E74EC007C2D33 /* ParallaxPagingParentViewController.swift */; };
		55247FD71F0E74EC007C2D33 /* Main.storyboard in Resources */ = {isa = PBXBuildFile; fileRef = 55247FD51F0E74EC007C2D33 /* Main.storyboard */; };
		55247FD91F0E74EC007C2D33 /* Assets.xcassets in Resources */ = {isa = PBXBuildFile; fileRef = 55247FD81F0E74EC007C2D33 /* Assets.xcassets */; };
		55247FDC1F0E74EC007C2D33 /* LaunchScreen.storyboard in Resources */ = {isa = PBXBuildFile; fileRef = 55247FDA1F0E74EC007C2D33 /* LaunchScreen.storyboard */; };
		55247FE71F0E74ED007C2D33 /* ParallaxPagingViewControllerExampleUITests.swift in Sources */ = {isa = PBXBuildFile; fileRef = 55247FE61F0E74ED007C2D33 /* ParallaxPagingViewControllerExampleUITests.swift */; };
		55247FF21F0E78BF007C2D33 /* ParallaxChildViewController.swift in Sources */ = {isa = PBXBuildFile; fileRef = 55247FF11F0E78BF007C2D33 /* ParallaxChildViewController.swift */; };
		55B941111F13730500ED6902 /* ViewController.swift in Sources */ = {isa = PBXBuildFile; fileRef = 55B941101F13730500ED6902 /* ViewController.swift */; };
		809FA4FE0EBB91E44885015F /* Pods_ParallaxPagingViewControllerExampleUITests.framework in Frameworks */ = {isa = PBXBuildFile; fileRef = 8EFF2FD6749D4AA4B1E953AC /* Pods_ParallaxPagingViewControllerExampleUITests.framework */; };
/* End PBXBuildFile section */

/* Begin PBXContainerItemProxy section */
		55247FE31F0E74ED007C2D33 /* PBXContainerItemProxy */ = {
			isa = PBXContainerItemProxy;
			containerPortal = 55247FC61F0E74EC007C2D33 /* Project object */;
			proxyType = 1;
			remoteGlobalIDString = 55247FCD1F0E74EC007C2D33;
			remoteInfo = ParallaxPagingViewControllerExample;
		};
/* End PBXContainerItemProxy section */

/* Begin PBXFileReference section */
		55247FCE1F0E74EC007C2D33 /* ParallaxPagingViewControllerExample.app */ = {isa = PBXFileReference; explicitFileType = wrapper.application; includeInIndex = 0; path = ParallaxPagingViewControllerExample.app; sourceTree = BUILT_PRODUCTS_DIR; };
		55247FD11F0E74EC007C2D33 /* AppDelegate.swift */ = {isa = PBXFileReference; lastKnownFileType = sourcecode.swift; path = AppDelegate.swift; sourceTree = "<group>"; };
		55247FD31F0E74EC007C2D33 /* ParallaxPagingParentViewController.swift */ = {isa = PBXFileReference; lastKnownFileType = sourcecode.swift; path = ParallaxPagingParentViewController.swift; sourceTree = "<group>"; };
		55247FD61F0E74EC007C2D33 /* Base */ = {isa = PBXFileReference; lastKnownFileType = file.storyboard; name = Base; path = Base.lproj/Main.storyboard; sourceTree = "<group>"; };
		55247FD81F0E74EC007C2D33 /* Assets.xcassets */ = {isa = PBXFileReference; lastKnownFileType = folder.assetcatalog; path = Assets.xcassets; sourceTree = "<group>"; };
		55247FDB1F0E74EC007C2D33 /* Base */ = {isa = PBXFileReference; lastKnownFileType = file.storyboard; name = Base; path = Base.lproj/LaunchScreen.storyboard; sourceTree = "<group>"; };
		55247FDD1F0E74EC007C2D33 /* Info.plist */ = {isa = PBXFileReference; lastKnownFileType = text.plist.xml; path = Info.plist; sourceTree = "<group>"; };
		55247FE21F0E74ED007C2D33 /* ParallaxPagingViewControllerExampleUITests.xctest */ = {isa = PBXFileReference; explicitFileType = wrapper.cfbundle; includeInIndex = 0; path = ParallaxPagingViewControllerExampleUITests.xctest; sourceTree = BUILT_PRODUCTS_DIR; };
		55247FE61F0E74ED007C2D33 /* ParallaxPagingViewControllerExampleUITests.swift */ = {isa = PBXFileReference; lastKnownFileType = sourcecode.swift; path = ParallaxPagingViewControllerExampleUITests.swift; sourceTree = "<group>"; };
		55247FE81F0E74ED007C2D33 /* Info.plist */ = {isa = PBXFileReference; lastKnownFileType = text.plist.xml; path = Info.plist; sourceTree = "<group>"; };
		55247FF11F0E78BF007C2D33 /* ParallaxChildViewController.swift */ = {isa = PBXFileReference; fileEncoding = 4; lastKnownFileType = sourcecode.swift; path = ParallaxChildViewController.swift; sourceTree = "<group>"; };
		55B941101F13730500ED6902 /* ViewController.swift */ = {isa = PBXFileReference; fileEncoding = 4; lastKnownFileType = sourcecode.swift; path = ViewController.swift; sourceTree = "<group>"; };
		722DEE2E491454946E4885B2 /* Pods_ParallaxPagingViewControllerExample.framework */ = {isa = PBXFileReference; explicitFileType = wrapper.framework; includeInIndex = 0; path = Pods_ParallaxPagingViewControllerExample.framework; sourceTree = BUILT_PRODUCTS_DIR; };
		83CA95A0D0EB14C76DA47999 /* Pods-ParallaxPagingViewControllerExampleUITests.debug.xcconfig */ = {isa = PBXFileReference; includeInIndex = 1; lastKnownFileType = text.xcconfig; name = "Pods-ParallaxPagingViewControllerExampleUITests.debug.xcconfig"; path = "Pods/Target Support Files/Pods-ParallaxPagingViewControllerExampleUITests/Pods-ParallaxPagingViewControllerExampleUITests.debug.xcconfig"; sourceTree = "<group>"; };
		8EFF2FD6749D4AA4B1E953AC /* Pods_ParallaxPagingViewControllerExampleUITests.framework */ = {isa = PBXFileReference; explicitFileType = wrapper.framework; includeInIndex = 0; path = Pods_ParallaxPagingViewControllerExampleUITests.framework; sourceTree = BUILT_PRODUCTS_DIR; };
		A60A58277F05A2ADDA558C9E /* Pods-ParallaxPagingViewControllerExampleUITests.release.xcconfig */ = {isa = PBXFileReference; includeInIndex = 1; lastKnownFileType = text.xcconfig; name = "Pods-ParallaxPagingViewControllerExampleUITests.release.xcconfig"; path = "Pods/Target Support Files/Pods-ParallaxPagingViewControllerExampleUITests/Pods-ParallaxPagingViewControllerExampleUITests.release.xcconfig"; sourceTree = "<group>"; };
		E62F3C984D6808937A214069 /* Pods-ParallaxPagingViewControllerExample.release.xcconfig */ = {isa = PBXFileReference; includeInIndex = 1; lastKnownFileType = text.xcconfig; name = "Pods-ParallaxPagingViewControllerExample.release.xcconfig"; path = "Pods/Target Support Files/Pods-ParallaxPagingViewControllerExample/Pods-ParallaxPagingViewControllerExample.release.xcconfig"; sourceTree = "<group>"; };
		E91074AFC5CEC0E2F708E188 /* Pods-ParallaxPagingViewControllerExample.debug.xcconfig */ = {isa = PBXFileReference; includeInIndex = 1; lastKnownFileType = text.xcconfig; name = "Pods-ParallaxPagingViewControllerExample.debug.xcconfig"; path = "Pods/Target Support Files/Pods-ParallaxPagingViewControllerExample/Pods-ParallaxPagingViewControllerExample.debug.xcconfig"; sourceTree = "<group>"; };
/* End PBXFileReference section */

/* Begin PBXFrameworksBuildPhase section */
		55247FCB1F0E74EC007C2D33 /* Frameworks */ = {
			isa = PBXFrameworksBuildPhase;
			buildActionMask = 2147483647;
			files = (
				1DD511AFD5EB648537509A79 /* Pods_ParallaxPagingViewControllerExample.framework in Frameworks */,
			);
			runOnlyForDeploymentPostprocessing = 0;
		};
		55247FDF1F0E74ED007C2D33 /* Frameworks */ = {
			isa = PBXFrameworksBuildPhase;
			buildActionMask = 2147483647;
			files = (
				809FA4FE0EBB91E44885015F /* Pods_ParallaxPagingViewControllerExampleUITests.framework in Frameworks */,
			);
			runOnlyForDeploymentPostprocessing = 0;
		};
/* End PBXFrameworksBuildPhase section */

/* Begin PBXGroup section */
		3D987FB5E75670AE20968421 /* Frameworks */ = {
			isa = PBXGroup;
			children = (
				722DEE2E491454946E4885B2 /* Pods_ParallaxPagingViewControllerExample.framework */,
				8EFF2FD6749D4AA4B1E953AC /* Pods_ParallaxPagingViewControllerExampleUITests.framework */,
			);
			name = Frameworks;
			sourceTree = "<group>";
		};
		55247FC51F0E74EC007C2D33 = {
			isa = PBXGroup;
			children = (
				55247FD01F0E74EC007C2D33 /* ParallaxPagingViewControllerExample */,
				55247FE51F0E74ED007C2D33 /* ParallaxPagingViewControllerExampleUITests */,
				55247FCF1F0E74EC007C2D33 /* Products */,
				BA37D0E94185FCB5B66CB180 /* Pods */,
				3D987FB5E75670AE20968421 /* Frameworks */,
			);
			sourceTree = "<group>";
		};
		55247FCF1F0E74EC007C2D33 /* Products */ = {
			isa = PBXGroup;
			children = (
				55247FCE1F0E74EC007C2D33 /* ParallaxPagingViewControllerExample.app */,
				55247FE21F0E74ED007C2D33 /* ParallaxPagingViewControllerExampleUITests.xctest */,
			);
			name = Products;
			sourceTree = "<group>";
		};
		55247FD01F0E74EC007C2D33 /* ParallaxPagingViewControllerExample */ = {
			isa = PBXGroup;
			children = (
				55247FD11F0E74EC007C2D33 /* AppDelegate.swift */,
				55B941101F13730500ED6902 /* ViewController.swift */,
				55247FD31F0E74EC007C2D33 /* ParallaxPagingParentViewController.swift */,
				55247FF11F0E78BF007C2D33 /* ParallaxChildViewController.swift */,
				55247FD51F0E74EC007C2D33 /* Main.storyboard */,
				55247FD81F0E74EC007C2D33 /* Assets.xcassets */,
				55247FDA1F0E74EC007C2D33 /* LaunchScreen.storyboard */,
				55247FDD1F0E74EC007C2D33 /* Info.plist */,
			);
			path = ParallaxPagingViewControllerExample;
			sourceTree = "<group>";
		};
		55247FE51F0E74ED007C2D33 /* ParallaxPagingViewControllerExampleUITests */ = {
			isa = PBXGroup;
			children = (
				55247FE61F0E74ED007C2D33 /* ParallaxPagingViewControllerExampleUITests.swift */,
				55247FE81F0E74ED007C2D33 /* Info.plist */,
			);
			path = ParallaxPagingViewControllerExampleUITests;
			sourceTree = "<group>";
		};
		BA37D0E94185FCB5B66CB180 /* Pods */ = {
			isa = PBXGroup;
			children = (
				E91074AFC5CEC0E2F708E188 /* Pods-ParallaxPagingViewControllerExample.debug.xcconfig */,
				E62F3C984D6808937A214069 /* Pods-ParallaxPagingViewControllerExample.release.xcconfig */,
				83CA95A0D0EB14C76DA47999 /* Pods-ParallaxPagingViewControllerExampleUITests.debug.xcconfig */,
				A60A58277F05A2ADDA558C9E /* Pods-ParallaxPagingViewControllerExampleUITests.release.xcconfig */,
			);
			name = Pods;
			sourceTree = "<group>";
		};
/* End PBXGroup section */

/* Begin PBXNativeTarget section */
		55247FCD1F0E74EC007C2D33 /* ParallaxPagingViewControllerExample */ = {
			isa = PBXNativeTarget;
			buildConfigurationList = 55247FEB1F0E74ED007C2D33 /* Build configuration list for PBXNativeTarget "ParallaxPagingViewControllerExample" */;
			buildPhases = (
				73D028485FC531A6CC3A3E5E /* [CP] Check Pods Manifest.lock */,
				55247FCA1F0E74EC007C2D33 /* Sources */,
				55247FCB1F0E74EC007C2D33 /* Frameworks */,
				55247FCC1F0E74EC007C2D33 /* Resources */,
				CB3460CFCE8FBCCDC3596661 /* [CP] Embed Pods Frameworks */,
				E732E7A3279519EE3FD0FB34 /* [CP] Copy Pods Resources */,
			);
			buildRules = (
			);
			dependencies = (
			);
			name = ParallaxPagingViewControllerExample;
			productName = ParallaxPagingViewControllerExample;
			productReference = 55247FCE1F0E74EC007C2D33 /* ParallaxPagingViewControllerExample.app */;
			productType = "com.apple.product-type.application";
		};
		55247FE11F0E74ED007C2D33 /* ParallaxPagingViewControllerExampleUITests */ = {
			isa = PBXNativeTarget;
			buildConfigurationList = 55247FEE1F0E74ED007C2D33 /* Build configuration list for PBXNativeTarget "ParallaxPagingViewControllerExampleUITests" */;
			buildPhases = (
				440BC58A0BB097DA8FCECF29 /* [CP] Check Pods Manifest.lock */,
				55247FDE1F0E74ED007C2D33 /* Sources */,
				55247FDF1F0E74ED007C2D33 /* Frameworks */,
				55247FE01F0E74ED007C2D33 /* Resources */,
				983DFE723CDE280D3DCDF16A /* [CP] Embed Pods Frameworks */,
				0F45EF80BD3EB3653380870A /* [CP] Copy Pods Resources */,
			);
			buildRules = (
			);
			dependencies = (
				55247FE41F0E74ED007C2D33 /* PBXTargetDependency */,
			);
			name = ParallaxPagingViewControllerExampleUITests;
			productName = ParallaxPagingViewControllerExampleUITests;
			productReference = 55247FE21F0E74ED007C2D33 /* ParallaxPagingViewControllerExampleUITests.xctest */;
			productType = "com.apple.product-type.bundle.ui-testing";
		};
/* End PBXNativeTarget section */

/* Begin PBXProject section */
		55247FC61F0E74EC007C2D33 /* Project object */ = {
			isa = PBXProject;
			attributes = {
				LastSwiftUpdateCheck = 0820;
				LastUpgradeCheck = 0820;
				ORGANIZATIONNAME = TomokiTakahashi;
				TargetAttributes = {
					55247FCD1F0E74EC007C2D33 = {
						CreatedOnToolsVersion = 8.2.1;
						DevelopmentTeam = KYVZ4HHZ5P;
						ProvisioningStyle = Automatic;
					};
					55247FE11F0E74ED007C2D33 = {
						CreatedOnToolsVersion = 8.2.1;
						ProvisioningStyle = Automatic;
						TestTargetID = 55247FCD1F0E74EC007C2D33;
					};
				};
			};
			buildConfigurationList = 55247FC91F0E74EC007C2D33 /* Build configuration list for PBXProject "ParallaxPagingViewControllerExample" */;
			compatibilityVersion = "Xcode 3.2";
			developmentRegion = English;
			hasScannedForEncodings = 0;
			knownRegions = (
				en,
				Base,
			);
			mainGroup = 55247FC51F0E74EC007C2D33;
			productRefGroup = 55247FCF1F0E74EC007C2D33 /* Products */;
			projectDirPath = "";
			projectRoot = "";
			targets = (
				55247FCD1F0E74EC007C2D33 /* ParallaxPagingViewControllerExample */,
				55247FE11F0E74ED007C2D33 /* ParallaxPagingViewControllerExampleUITests */,
			);
		};
/* End PBXProject section */

/* Begin PBXResourcesBuildPhase section */
		55247FCC1F0E74EC007C2D33 /* Resources */ = {
			isa = PBXResourcesBuildPhase;
			buildActionMask = 2147483647;
			files = (
				55247FDC1F0E74EC007C2D33 /* LaunchScreen.storyboard in Resources */,
				55247FD91F0E74EC007C2D33 /* Assets.xcassets in Resources */,
				55247FD71F0E74EC007C2D33 /* Main.storyboard in Resources */,
			);
			runOnlyForDeploymentPostprocessing = 0;
		};
		55247FE01F0E74ED007C2D33 /* Resources */ = {
			isa = PBXResourcesBuildPhase;
			buildActionMask = 2147483647;
			files = (
			);
			runOnlyForDeploymentPostprocessing = 0;
		};
/* End PBXResourcesBuildPhase section */

/* Begin PBXShellScriptBuildPhase section */
		0F45EF80BD3EB3653380870A /* [CP] Copy Pods Resources */ = {
			isa = PBXShellScriptBuildPhase;
			buildActionMask = 2147483647;
			files = (
			);
			inputPaths = (
			);
			name = "[CP] Copy Pods Resources";
			outputPaths = (
			);
			runOnlyForDeploymentPostprocessing = 0;
			shellPath = /bin/sh;
			shellScript = "\"${SRCROOT}/Pods/Target Support Files/Pods-ParallaxPagingViewControllerExampleUITests/Pods-ParallaxPagingViewControllerExampleUITests-resources.sh\"\n";
			showEnvVarsInLog = 0;
		};
		440BC58A0BB097DA8FCECF29 /* [CP] Check Pods Manifest.lock */ = {
			isa = PBXShellScriptBuildPhase;
			buildActionMask = 2147483647;
			files = (
			);
			inputPaths = (
			);
			name = "[CP] Check Pods Manifest.lock";
			outputPaths = (
			);
			runOnlyForDeploymentPostprocessing = 0;
			shellPath = /bin/sh;
			shellScript = "diff \"${PODS_PODFILE_DIR_PATH}/Podfile.lock\" \"${PODS_ROOT}/Manifest.lock\" > /dev/null\nif [ $? != 0 ] ; then\n    # print error to STDERR\n    echo \"error: The sandbox is not in sync with the Podfile.lock. Run 'pod install' or update your CocoaPods installation.\" >&2\n    exit 1\nfi\n";
			showEnvVarsInLog = 0;
		};
		73D028485FC531A6CC3A3E5E /* [CP] Check Pods Manifest.lock */ = {
			isa = PBXShellScriptBuildPhase;
			buildActionMask = 2147483647;
			files = (
			);
			inputPaths = (
			);
			name = "[CP] Check Pods Manifest.lock";
			outputPaths = (
			);
			runOnlyForDeploymentPostprocessing = 0;
			shellPath = /bin/sh;
			shellScript = "diff \"${PODS_PODFILE_DIR_PATH}/Podfile.lock\" \"${PODS_ROOT}/Manifest.lock\" > /dev/null\nif [ $? != 0 ] ; then\n    # print error to STDERR\n    echo \"error: The sandbox is not in sync with the Podfile.lock. Run 'pod install' or update your CocoaPods installation.\" >&2\n    exit 1\nfi\n";
			showEnvVarsInLog = 0;
		};
		983DFE723CDE280D3DCDF16A /* [CP] Embed Pods Frameworks */ = {
			isa = PBXShellScriptBuildPhase;
			buildActionMask = 2147483647;
			files = (
			);
			inputPaths = (
			);
			name = "[CP] Embed Pods Frameworks";
			outputPaths = (
			);
			runOnlyForDeploymentPostprocessing = 0;
			shellPath = /bin/sh;
			shellScript = "\"${SRCROOT}/Pods/Target Support Files/Pods-ParallaxPagingViewControllerExampleUITests/Pods-ParallaxPagingViewControllerExampleUITests-frameworks.sh\"\n";
			showEnvVarsInLog = 0;
		};
		CB3460CFCE8FBCCDC3596661 /* [CP] Embed Pods Frameworks */ = {
			isa = PBXShellScriptBuildPhase;
			buildActionMask = 2147483647;
			files = (
			);
			inputPaths = (
			);
			name = "[CP] Embed Pods Frameworks";
			outputPaths = (
			);
			runOnlyForDeploymentPostprocessing = 0;
			shellPath = /bin/sh;
			shellScript = "\"${SRCROOT}/Pods/Target Support Files/Pods-ParallaxPagingViewControllerExample/Pods-ParallaxPagingViewControllerExample-frameworks.sh\"\n";
			showEnvVarsInLog = 0;
		};
		E732E7A3279519EE3FD0FB34 /* [CP] Copy Pods Resources */ = {
			isa = PBXShellScriptBuildPhase;
			buildActionMask = 2147483647;
			files = (
			);
			inputPaths = (
			);
			name = "[CP] Copy Pods Resources";
			outputPaths = (
			);
			runOnlyForDeploymentPostprocessing = 0;
			shellPath = /bin/sh;
			shellScript = "\"${SRCROOT}/Pods/Target Support Files/Pods-ParallaxPagingViewControllerExample/Pods-ParallaxPagingViewControllerExample-resources.sh\"\n";
			showEnvVarsInLog = 0;
		};
/* End PBXShellScriptBuildPhase section */

/* Begin PBXSourcesBuildPhase section */
		55247FCA1F0E74EC007C2D33 /* Sources */ = {
			isa = PBXSourcesBuildPhase;
			buildActionMask = 2147483647;
			files = (
				55247FD41F0E74EC007C2D33 /* ParallaxPagingParentViewController.swift in Sources */,
				55247FD21F0E74EC007C2D33 /* AppDelegate.swift in Sources */,
				55B941111F13730500ED6902 /* ViewController.swift in Sources */,
				55247FF21F0E78BF007C2D33 /* ParallaxChildViewController.swift in Sources */,
			);
			runOnlyForDeploymentPostprocessing = 0;
		};
		55247FDE1F0E74ED007C2D33 /* Sources */ = {
			isa = PBXSourcesBuildPhase;
			buildActionMask = 2147483647;
			files = (
				55247FE71F0E74ED007C2D33 /* ParallaxPagingViewControllerExampleUITests.swift in Sources */,
			);
			runOnlyForDeploymentPostprocessing = 0;
		};
/* End PBXSourcesBuildPhase section */

/* Begin PBXTargetDependency section */
		55247FE41F0E74ED007C2D33 /* PBXTargetDependency */ = {
			isa = PBXTargetDependency;
			target = 55247FCD1F0E74EC007C2D33 /* ParallaxPagingViewControllerExample */;
			targetProxy = 55247FE31F0E74ED007C2D33 /* PBXContainerItemProxy */;
		};
/* End PBXTargetDependency section */

/* Begin PBXVariantGroup section */
		55247FD51F0E74EC007C2D33 /* Main.storyboard */ = {
			isa = PBXVariantGroup;
			children = (
				55247FD61F0E74EC007C2D33 /* Base */,
			);
			name = Main.storyboard;
			sourceTree = "<group>";
		};
		55247FDA1F0E74EC007C2D33 /* LaunchScreen.storyboard */ = {
			isa = PBXVariantGroup;
			children = (
				55247FDB1F0E74EC007C2D33 /* Base */,
			);
			name = LaunchScreen.storyboard;
			sourceTree = "<group>";
		};
/* End PBXVariantGroup section */

/* Begin XCBuildConfiguration section */
		55247FE91F0E74ED007C2D33 /* Debug */ = {
			isa = XCBuildConfiguration;
			buildSettings = {
				ALWAYS_SEARCH_USER_PATHS = NO;
				CLANG_ANALYZER_NONNULL = YES;
				CLANG_CXX_LANGUAGE_STANDARD = "gnu++0x";
				CLANG_CXX_LIBRARY = "libc++";
				CLANG_ENABLE_MODULES = YES;
				CLANG_ENABLE_OBJC_ARC = YES;
				CLANG_WARN_BOOL_CONVERSION = YES;
				CLANG_WARN_CONSTANT_CONVERSION = YES;
				CLANG_WARN_DIRECT_OBJC_ISA_USAGE = YES_ERROR;
				CLANG_WARN_DOCUMENTATION_COMMENTS = YES;
				CLANG_WARN_EMPTY_BODY = YES;
				CLANG_WARN_ENUM_CONVERSION = YES;
				CLANG_WARN_INFINITE_RECURSION = YES;
				CLANG_WARN_INT_CONVERSION = YES;
				CLANG_WARN_OBJC_ROOT_CLASS = YES_ERROR;
				CLANG_WARN_SUSPICIOUS_MOVE = YES;
				CLANG_WARN_UNREACHABLE_CODE = YES;
				CLANG_WARN__DUPLICATE_METHOD_MATCH = YES;
				"CODE_SIGN_IDENTITY[sdk=iphoneos*]" = "iPhone Developer";
				COPY_PHASE_STRIP = NO;
				DEBUG_INFORMATION_FORMAT = dwarf;
				ENABLE_STRICT_OBJC_MSGSEND = YES;
				ENABLE_TESTABILITY = YES;
				GCC_C_LANGUAGE_STANDARD = gnu99;
				GCC_DYNAMIC_NO_PIC = NO;
				GCC_NO_COMMON_BLOCKS = YES;
				GCC_OPTIMIZATION_LEVEL = 0;
				GCC_PREPROCESSOR_DEFINITIONS = (
					"DEBUG=1",
					"$(inherited)",
				);
				GCC_WARN_64_TO_32_BIT_CONVERSION = YES;
				GCC_WARN_ABOUT_RETURN_TYPE = YES_ERROR;
				GCC_WARN_UNDECLARED_SELECTOR = YES;
				GCC_WARN_UNINITIALIZED_AUTOS = YES_AGGRESSIVE;
				GCC_WARN_UNUSED_FUNCTION = YES;
				GCC_WARN_UNUSED_VARIABLE = YES;
				IPHONEOS_DEPLOYMENT_TARGET = 8.0;
				MTL_ENABLE_DEBUG_INFO = YES;
				ONLY_ACTIVE_ARCH = YES;
				SDKROOT = iphoneos;
				SWIFT_ACTIVE_COMPILATION_CONDITIONS = DEBUG;
				SWIFT_OPTIMIZATION_LEVEL = "-Onone";
			};
			name = Debug;
		};
		55247FEA1F0E74ED007C2D33 /* Release */ = {
			isa = XCBuildConfiguration;
			buildSettings = {
				ALWAYS_SEARCH_USER_PATHS = NO;
				CLANG_ANALYZER_NONNULL = YES;
				CLANG_CXX_LANGUAGE_STANDARD = "gnu++0x";
				CLANG_CXX_LIBRARY = "libc++";
				CLANG_ENABLE_MODULES = YES;
				CLANG_ENABLE_OBJC_ARC = YES;
				CLANG_WARN_BOOL_CONVERSION = YES;
				CLANG_WARN_CONSTANT_CONVERSION = YES;
				CLANG_WARN_DIRECT_OBJC_ISA_USAGE = YES_ERROR;
				CLANG_WARN_DOCUMENTATION_COMMENTS = YES;
				CLANG_WARN_EMPTY_BODY = YES;
				CLANG_WARN_ENUM_CONVERSION = YES;
				CLANG_WARN_INFINITE_RECURSION = YES;
				CLANG_WARN_INT_CONVERSION = YES;
				CLANG_WARN_OBJC_ROOT_CLASS = YES_ERROR;
				CLANG_WARN_SUSPICIOUS_MOVE = YES;
				CLANG_WARN_UNREACHABLE_CODE = YES;
				CLANG_WARN__DUPLICATE_METHOD_MATCH = YES;
				"CODE_SIGN_IDENTITY[sdk=iphoneos*]" = "iPhone Developer";
				COPY_PHASE_STRIP = NO;
				DEBUG_INFORMATION_FORMAT = "dwarf-with-dsym";
				ENABLE_NS_ASSERTIONS = NO;
				ENABLE_STRICT_OBJC_MSGSEND = YES;
				GCC_C_LANGUAGE_STANDARD = gnu99;
				GCC_NO_COMMON_BLOCKS = YES;
				GCC_WARN_64_TO_32_BIT_CONVERSION = YES;
				GCC_WARN_ABOUT_RETURN_TYPE = YES_ERROR;
				GCC_WARN_UNDECLARED_SELECTOR = YES;
				GCC_WARN_UNINITIALIZED_AUTOS = YES_AGGRESSIVE;
				GCC_WARN_UNUSED_FUNCTION = YES;
				GCC_WARN_UNUSED_VARIABLE = YES;
				IPHONEOS_DEPLOYMENT_TARGET = 8.0;
				MTL_ENABLE_DEBUG_INFO = NO;
				SDKROOT = iphoneos;
				SWIFT_OPTIMIZATION_LEVEL = "-Owholemodule";
				VALIDATE_PRODUCT = YES;
			};
			name = Release;
		};
		55247FEC1F0E74ED007C2D33 /* Debug */ = {
			isa = XCBuildConfiguration;
			baseConfigurationReference = E91074AFC5CEC0E2F708E188 /* Pods-ParallaxPagingViewControllerExample.debug.xcconfig */;
			buildSettings = {
				ASSETCATALOG_COMPILER_APPICON_NAME = AppIcon;
				DEVELOPMENT_TEAM = KYVZ4HHZ5P;
				INFOPLIST_FILE = ParallaxPagingViewControllerExample/Info.plist;
				IPHONEOS_DEPLOYMENT_TARGET = 8.0;
				LD_RUNPATH_SEARCH_PATHS = "$(inherited) @executable_path/Frameworks";
				PRODUCT_BUNDLE_IDENTIFIER = com.tomo.ParallaxPagingViewControllerExample;
				PRODUCT_NAME = "$(TARGET_NAME)";
				SWIFT_VERSION = 3.0;
			};
			name = Debug;
		};
		55247FED1F0E74ED007C2D33 /* Release */ = {
			isa = XCBuildConfiguration;
			baseConfigurationReference = E62F3C984D6808937A214069 /* Pods-ParallaxPagingViewControllerExample.release.xcconfig */;
			buildSettings = {
				ASSETCATALOG_COMPILER_APPICON_NAME = AppIcon;
				DEVELOPMENT_TEAM = KYVZ4HHZ5P;
				INFOPLIST_FILE = ParallaxPagingViewControllerExample/Info.plist;
				IPHONEOS_DEPLOYMENT_TARGET = 8.0;
				LD_RUNPATH_SEARCH_PATHS = "$(inherited) @executable_path/Frameworks";
				PRODUCT_BUNDLE_IDENTIFIER = com.tomo.ParallaxPagingViewControllerExample;
				PRODUCT_NAME = "$(TARGET_NAME)";
				SWIFT_VERSION = 3.0;
			};
			name = Release;
		};
		55247FEF1F0E74ED007C2D33 /* Debug */ = {
			isa = XCBuildConfiguration;
			baseConfigurationReference = 83CA95A0D0EB14C76DA47999 /* Pods-ParallaxPagingViewControllerExampleUITests.debug.xcconfig */;
			buildSettings = {
				ALWAYS_EMBED_SWIFT_STANDARD_LIBRARIES = YES;
				FRAMEWORK_SEARCH_PATHS = "\"$PODS_CONFIGURATION_BUILD_DIR/ParallaxPagingViewController\"";
				INFOPLIST_FILE = ParallaxPagingViewControllerExampleUITests/Info.plist;
				LD_RUNPATH_SEARCH_PATHS = "$(inherited) @executable_path/Frameworks @loader_path/Frameworks";
				PRODUCT_BUNDLE_IDENTIFIER = com.tomo.ParallaxPagingViewControllerExampleUITests;
				PRODUCT_NAME = "$(TARGET_NAME)";
				SDKROOT = iphoneos10.2;
				SWIFT_VERSION = 3.0;
				TEST_TARGET_NAME = ParallaxPagingViewControllerExample;
			};
			name = Debug;
		};
		55247FF01F0E74ED007C2D33 /* Release */ = {
			isa = XCBuildConfiguration;
			baseConfigurationReference = A60A58277F05A2ADDA558C9E /* Pods-ParallaxPagingViewControllerExampleUITests.release.xcconfig */;
			buildSettings = {
				ALWAYS_EMBED_SWIFT_STANDARD_LIBRARIES = YES;
				FRAMEWORK_SEARCH_PATHS = "\"$PODS_CONFIGURATION_BUILD_DIR/ParallaxPagingViewController\"";
				INFOPLIST_FILE = ParallaxPagingViewControllerExampleUITests/Info.plist;
				LD_RUNPATH_SEARCH_PATHS = "$(inherited) @executable_path/Frameworks @loader_path/Frameworks";
				PRODUCT_BUNDLE_IDENTIFIER = com.tomo.ParallaxPagingViewControllerExampleUITests;
				PRODUCT_NAME = "$(TARGET_NAME)";
				SDKROOT = iphoneos10.2;
				SWIFT_VERSION = 3.0;
				TEST_TARGET_NAME = ParallaxPagingViewControllerExample;
			};
			name = Release;
		};
/* End XCBuildConfiguration section */

/* Begin XCConfigurationList section */
		55247FC91F0E74EC007C2D33 /* Build configuration list for PBXProject "ParallaxPagingViewControllerExample" */ = {
			isa = XCConfigurationList;
			buildConfigurations = (
				55247FE91F0E74ED007C2D33 /* Debug */,
				55247FEA1F0E74ED007C2D33 /* Release */,
			);
			defaultConfigurationIsVisible = 0;
			defaultConfigurationName = Release;
		};
		55247FEB1F0E74ED007C2D33 /* Build configuration list for PBXNativeTarget "ParallaxPagingViewControllerExample" */ = {
			isa = XCConfigurationList;
			buildConfigurations = (
				55247FEC1F0E74ED007C2D33 /* Debug */,
				55247FED1F0E74ED007C2D33 /* Release */,
			);
			defaultConfigurationIsVisible = 0;
			defaultConfigurationName = Release;
		};
		55247FEE1F0E74ED007C2D33 /* Build configuration list for PBXNativeTarget "ParallaxPagingViewControllerExampleUITests" */ = {
			isa = XCConfigurationList;
			buildConfigurations = (
				55247FEF1F0E74ED007C2D33 /* Debug */,
				55247FF01F0E74ED007C2D33 /* Release */,
			);
			defaultConfigurationIsVisible = 0;
			defaultConfigurationName = Release;
		};
/* End XCConfigurationList section */
	};
	rootObject = 55247FC61F0E74EC007C2D33 /* Project object */;
}
